
Microsoft Visual Studio Solution File, Format Version 12.00
# Visual Studio Version 17
VisualStudioVersion = 17.3.32811.315
MinimumVisualStudioVersion = 10.0.40219.1
Project("{FAE04EC0-301F-11D3-BF4B-00C04F79EFBC}") = "JsonPath", "JsonPath\JsonPath.csproj", "{07214945-5827-4BF9-93C8-5A88052C088E}"
EndProject
Global
	GlobalSection(SolutionConfigurationPlatforms) = preSolution
		Debug|Any CPU = Debug|Any CPU
		Release|Any CPU = Release|Any CPU
	EndGlobalSection
	GlobalSection(ProjectConfigurationPlatforms) = postSolution
		{07214945-5827-4BF9-93C8-5A88052C088E}.Debug|Any CPU.ActiveCfg = Debug|Any CPU
		{07214945-5827-4BF9-93C8-5A88052C088E}.Debug|Any CPU.Build.0 = Debug|Any CPU
		{07214945-5827-4BF9-93C8-5A88052C088E}.Release|Any CPU.ActiveCfg = Release|Any CPU
		{07214945-5827-4BF9-93C8-5A88052C088E}.Release|Any CPU.Build.0 = Release|Any CPU
	EndGlobalSection
	GlobalSection(SolutionProperties) = preSolution
		HideSolutionNode = FALSE
	EndGlobalSection
	GlobalSection(ExtensibilityGlobals) = postSolution
		SolutionGuid = {B805F7D0-282D-4C1A-96D6-946B51DFCBAA}
	EndGlobalSection
EndGlobal
